// !$*UTF8*$!
{
	archiveVersion = 1;
	classes = {
	};
	objectVersion = 46;
	objects = {

/* Begin PBXBuildFile section */
		AEF2790D1B31440600EBC390 /* main.m in Sources */ = {isa = PBXBuildFile; fileRef = AEF2790C1B31440600EBC390 /* main.m */; };
		AEF279101B31440600EBC390 /* AppDelegate.m in Sources */ = {isa = PBXBuildFile; fileRef = AEF2790F1B31440600EBC390 /* AppDelegate.m */; };
		AEF279131B31440600EBC390 /* ViewController.m in Sources */ = {isa = PBXBuildFile; fileRef = AEF279121B31440600EBC390 /* ViewController.m */; };
		AEF279161B31440600EBC390 /* Main.storyboard in Resources */ = {isa = PBXBuildFile; fileRef = AEF279141B31440600EBC390 /* Main.storyboard */; };
		AEF279181B31440600EBC390 /* Images.xcassets in Resources */ = {isa = PBXBuildFile; fileRef = AEF279171B31440600EBC390 /* Images.xcassets */; };
		AEF2791B1B31440600EBC390 /* LaunchScreen.xib in Resources */ = {isa = PBXBuildFile; fileRef = AEF279191B31440600EBC390 /* LaunchScreen.xib */; };
		AEF279271B31440600EBC390 /* DemoGithubTests.m in Sources */ = {isa = PBXBuildFile; fileRef = AEF279261B31440600EBC390 /* DemoGithubTests.m */; };
/* End PBXBuildFile section */

/* Begin PBXContainerItemProxy section */
		AEF279211B31440600EBC390 /* PBXContainerItemProxy */ = {
			isa = PBXContainerItemProxy;
			containerPortal = AEF278FF1B31440600EBC390 /* Project object */;
			proxyType = 1;
			remoteGlobalIDString = AEF279061B31440600EBC390;
			remoteInfo = DemoGithub;
		};
/* End PBXContainerItemProxy section */

/* Begin PBXFileReference section */
		AEF279071B31440600EBC390 /* DemoGithub.app */ = {isa = PBXFileReference; explicitFileType = wrapper.application; includeInIndex = 0; path = DemoGithub.app; sourceTree = BUILT_PRODUCTS_DIR; };
		AEF2790B1B31440600EBC390 /* Info.plist */ = {isa = PBXFileReference; lastKnownFileType = text.plist.xml; path = Info.plist; sourceTree = "<group>"; };
		AEF2790C1B31440600EBC390 /* main.m */ = {isa = PBXFileReference; lastKnownFileType = sourcecode.c.objc; path = main.m; sourceTree = "<group>"; };
		AEF2790E1B31440600EBC390 /* AppDelegate.h */ = {isa = PBXFileReference; lastKnownFileType = sourcecode.c.h; path = AppDelegate.h; sourceTree = "<group>"; };
		AEF2790F1B31440600EBC390 /* AppDelegate.m */ = {isa = PBXFileReference; lastKnownFileType = sourcecode.c.objc; path = AppDelegate.m; sourceTree = "<group>"; };
		AEF279111B31440600EBC390 /* ViewController.h */ = {isa = PBXFileReference; lastKnownFileType = sourcecode.c.h; path = ViewController.h; sourceTree = "<group>"; };
		AEF279121B31440600EBC390 /* ViewController.m */ = {isa = PBXFileReference; lastKnownFileType = sourcecode.c.objc; path = ViewController.m; sourceTree = "<group>"; };
		AEF279151B31440600EBC390 /* Base */ = {isa = PBXFileReference; lastKnownFileType = file.storyboard; name = Base; path = Base.lproj/Main.storyboard; sourceTree = "<group>"; };
		AEF279171B31440600EBC390 /* Images.xcassets */ = {isa = PBXFileReference; lastKnownFileType = folder.assetcatalog; path = Images.xcassets; sourceTree = "<group>"; };
		AEF2791A1B31440600EBC390 /* Base */ = {isa = PBXFileReference; lastKnownFileType = file.xib; name = Base; path = Base.lproj/LaunchScreen.xib; sourceTree = "<group>"; };
		AEF279201B31440600EBC390 /* DemoGithubTests.xctest */ = {isa = PBXFileReference; explicitFileType = wrapper.cfbundle; includeInIndex = 0; path = DemoGithubTests.xctest; sourceTree = BUILT_PRODUCTS_DIR; };
		AEF279251B31440600EBC390 /* Info.plist */ = {isa = PBXFileReference; lastKnownFileType = text.plist.xml; path = Info.plist; sourceTree = "<group>"; };
		AEF279261B31440600EBC390 /* DemoGithubTests.m */ = {isa = PBXFileReference; lastKnownFileType = sourcecode.c.objc; path = DemoGithubTests.m; sourceTree = "<group>"; };
/* End PBXFileReference section */

/* Begin PBXFrameworksBuildPhase section */
		AEF279041B31440600EBC390 /* Frameworks */ = {
			isa = PBXFrameworksBuildPhase;
			buildActionMask = 2147483647;
			files = (
			);
			runOnlyForDeploymentPostprocessing = 0;
		};
		AEF2791D1B31440600EBC390 /* Frameworks */ = {
			isa = PBXFrameworksBuildPhase;
			buildActionMask = 2147483647;
			files = (
			);
			runOnlyForDeploymentPostprocessing = 0;
		};
/* End PBXFrameworksBuildPhase section */

/* Begin PBXGroup section */
		AEF278FE1B31440600EBC390 = {
			isa = PBXGroup;
			children = (
				AEF279091B31440600EBC390 /* DemoGithub */,
				AEF279231B31440600EBC390 /* DemoGithubTests */,
				AEF279081B31440600EBC390 /* Products */,
			);
			sourceTree = "<group>";
		};
		AEF279081B31440600EBC390 /* Products */ = {
			isa = PBXGroup;
			children = (
				AEF279071B31440600EBC390 /* DemoGithub.app */,
				AEF279201B31440600EBC390 /* DemoGithubTests.xctest */,
			);
			name = Products;
			sourceTree = "<group>";
		};
		AEF279091B31440600EBC390 /* DemoGithub */ = {
			isa = PBXGroup;
			children = (
				AEF2790E1B31440600EBC390 /* AppDelegate.h */,
				AEF2790F1B31440600EBC390 /* AppDelegate.m */,
				AEF279111B31440600EBC390 /* ViewController.h */,
				AEF279121B31440600EBC390 /* ViewController.m */,
				AEF279141B31440600EBC390 /* Main.storyboard */,
				AEF279171B31440600EBC390 /* Images.xcassets */,
				AEF279191B31440600EBC390 /* LaunchScreen.xib */,
				AEF2790A1B31440600EBC390 /* Supporting Files */,
			);
			path = DemoGithub;
			sourceTree = "<group>";
		};
		AEF2790A1B31440600EBC390 /* Supporting Files */ = {
			isa = PBXGroup;
			children = (
				AEF2790B1B31440600EBC390 /* Info.plist */,
				AEF2790C1B31440600EBC390 /* main.m */,
			);
			name = "Supporting Files";
			sourceTree = "<group>";
		};
		AEF279231B31440600EBC390 /* DemoGithubTests */ = {
			isa = PBXGroup;
			children = (
				AEF279261B31440600EBC390 /* DemoGithubTests.m */,
				AEF279241B31440600EBC390 /* Supporting Files */,
			);
			path = DemoGithubTests;
			sourceTree = "<group>";
		};
		AEF279241B31440600EBC390 /* Supporting Files */ = {
			isa = PBXGroup;
			children = (
				AEF279251B31440600EBC390 /* Info.plist */,
			);
			name = "Supporting Files";
			sourceTree = "<group>";
		};
/* End PBXGroup section */

/* Begin PBXNativeTarget section */
		AEF279061B31440600EBC390 /* DemoGithub */ = {
			isa = PBXNativeTarget;
			buildConfigurationList = AEF2792A1B31440600EBC390 /* Build configuration list for PBXNativeTarget "DemoGithub" */;
			buildPhases = (
				AEF279031B31440600EBC390 /* Sources */,
				AEF279041B31440600EBC390 /* Frameworks */,
				AEF279051B31440600EBC390 /* Resources */,
			);
			buildRules = (
			);
			dependencies = (
			);
			name = DemoGithub;
			productName = DemoGithub;
			productReference = AEF279071B31440600EBC390 /* DemoGithub.app */;
			productType = "com.apple.product-type.application";
		};
		AEF2791F1B31440600EBC390 /* DemoGithubTests */ = {
			isa = PBXNativeTarget;
			buildConfigurationList = AEF2792D1B31440600EBC390 /* Build configuration list for PBXNativeTarget "DemoGithubTests" */;
			buildPhases = (
				AEF2791C1B31440600EBC390 /* Sources */,
				AEF2791D1B31440600EBC390 /* Frameworks */,
				AEF2791E1B31440600EBC390 /* Resources */,
			);
			buildRules = (
			);
			dependencies = (
				AEF279221B31440600EBC390 /* PBXTargetDependency */,
			);
			name = DemoGithubTests;
			productName = DemoGithubTests;
			productReference = AEF279201B31440600EBC390 /* DemoGithubTests.xctest */;
			productType = "com.apple.product-type.bundle.unit-test";
		};
/* End PBXNativeTarget section */

/* Begin PBXProject section */
		AEF278FF1B31440600EBC390 /* Project object */ = {
			isa = PBXProject;
			attributes = {
				LastUpgradeCheck = 0630;
				ORGANIZATIONNAME = "Kuldeep Saini";
				TargetAttributes = {
					AEF279061B31440600EBC390 = {
						CreatedOnToolsVersion = 6.3.1;
					};
					AEF2791F1B31440600EBC390 = {
						CreatedOnToolsVersion = 6.3.1;
						TestTargetID = AEF279061B31440600EBC390;
					};
				};
			};
			buildConfigurationList = AEF279021B31440600EBC390 /* Build configuration list for PBXProject "DemoGithub" */;
			compatibilityVersion = "Xcode 3.2";
			developmentRegion = English;
			hasScannedForEncodings = 0;
			knownRegions = (
				en,
				Base,
			);
			mainGroup = AEF278FE1B31440600EBC390;
			productRefGroup = AEF279081B31440600EBC390 /* Products */;
			projectDirPath = "";
			projectRoot = "";
			targets = (
				AEF279061B31440600EBC390 /* DemoGithub */,
				AEF2791F1B31440600EBC390 /* DemoGithubTests */,
			);
		};
/* End PBXProject section */

/* Begin PBXResourcesBuildPhase section */
		AEF279051B31440600EBC390 /* Resources */ = {
			isa = PBXResourcesBuildPhase;
			buildActionMask = 2147483647;
			files = (
				AEF279161B31440600EBC390 /* Main.storyboard in Resources */,
				AEF2791B1B31440600EBC390 /* LaunchScreen.xib in Resources */,
				AEF279181B31440600EBC390 /* Images.xcassets in Resources */,
			);
			runOnlyForDeploymentPostprocessing = 0;
		};
		AEF2791E1B31440600EBC390 /* Resources */ = {
			isa = PBXResourcesBuildPhase;
			buildActionMask = 2147483647;
			files = (
			);
			runOnlyForDeploymentPostprocessing = 0;
		};
/* End PBXResourcesBuildPhase section */

/* Begin PBXSourcesBuildPhase section */
		AEF279031B31440600EBC390 /* Sources */ = {
			isa = PBXSourcesBuildPhase;
			buildActionMask = 2147483647;
			files = (
				AEF279131B31440600EBC390 /* ViewController.m in Sources */,
				AEF279101B31440600EBC390 /* AppDelegate.m in Sources */,
				AEF2790D1B31440600EBC390 /* main.m in Sources */,
			);
			runOnlyForDeploymentPostprocessing = 0;
		};
		AEF2791C1B31440600EBC390 /* Sources */ = {
			isa = PBXSourcesBuildPhase;
			buildActionMask = 2147483647;
			files = (
				AEF279271B31440600EBC390 /* DemoGithubTests.m in Sources */,
			);
			runOnlyForDeploymentPostprocessing = 0;
		};
/* End PBXSourcesBuildPhase section */

/* Begin PBXTargetDependency section */
		AEF279221B31440600EBC390 /* PBXTargetDependency */ = {
			isa = PBXTargetDependency;
			target = AEF279061B31440600EBC390 /* DemoGithub */;
			targetProxy = AEF279211B31440600EBC390 /* PBXContainerItemProxy */;
		};
/* End PBXTargetDependency section */

/* Begin PBXVariantGroup section */
		AEF279141B31440600EBC390 /* Main.storyboard */ = {
			isa = PBXVariantGroup;
			children = (
				AEF279151B31440600EBC390 /* Base */,
			);
			name = Main.storyboard;
			sourceTree = "<group>";
		};
		AEF279191B31440600EBC390 /* LaunchScreen.xib */ = {
			isa = PBXVariantGroup;
			children = (
				AEF2791A1B31440600EBC390 /* Base */,
			);
			name = LaunchScreen.xib;
			sourceTree = "<group>";
		};
/* End PBXVariantGroup section */

/* Begin XCBuildConfiguration section */
		AEF279281B31440600EBC390 /* Debug */ = {
			isa = XCBuildConfiguration;
			buildSettings = {
				ALWAYS_SEARCH_USER_PATHS = NO;
				CLANG_CXX_LANGUAGE_STANDARD = "gnu++0x";
				CLANG_CXX_LIBRARY = "libc++";
				CLANG_ENABLE_MODULES = YES;
				CLANG_ENABLE_OBJC_ARC = YES;
				CLANG_WARN_BOOL_CONVERSION = YES;
				CLANG_WARN_CONSTANT_CONVERSION = YES;
				CLANG_WARN_DIRECT_OBJC_ISA_USAGE = YES_ERROR;
				CLANG_WARN_EMPTY_BODY = YES;
				CLANG_WARN_ENUM_CONVERSION = YES;
				CLANG_WARN_INT_CONVERSION = YES;
				CLANG_WARN_OBJC_ROOT_CLASS = YES_ERROR;
				CLANG_WARN_UNREACHABLE_CODE = YES;
				CLANG_WARN__DUPLICATE_METHOD_MATCH = YES;
				"CODE_SIGN_IDENTITY[sdk=iphoneos*]" = "iPhone Developer";
				COPY_PHASE_STRIP = NO;
				DEBUG_INFORMATION_FORMAT = "dwarf-with-dsym";
				ENABLE_STRICT_OBJC_MSGSEND = YES;
				GCC_C_LANGUAGE_STANDARD = gnu99;
				GCC_DYNAMIC_NO_PIC = NO;
				GCC_NO_COMMON_BLOCKS = YES;
				GCC_OPTIMIZATION_LEVEL = 0;
				GCC_PREPROCESSOR_DEFINITIONS = (
					"DEBUG=1",
					"$(inherited)",
				);
				GCC_SYMBOLS_PRIVATE_EXTERN = NO;
				GCC_WARN_64_TO_32_BIT_CONVERSION = YES;
				GCC_WARN_ABOUT_RETURN_TYPE = YES_ERROR;
				GCC_WARN_UNDECLARED_SELECTOR = YES;
				GCC_WARN_UNINITIALIZED_AUTOS = YES_AGGRESSIVE;
				GCC_WARN_UNUSED_FUNCTION = YES;
				GCC_WARN_UNUSED_VARIABLE = YES;
				IPHONEOS_DEPLOYMENT_TARGET = 8.3;
				MTL_ENABLE_DEBUG_INFO = YES;
				ONLY_ACTIVE_ARCH = YES;
				SDKROOT = iphoneos;
			};
			name = Debug;
		};
		AEF279291B31440600EBC390 /* Release */ = {
			isa = XCBuildConfiguration;
			buildSettings = {
				ALWAYS_SEARCH_USER_PATHS = NO;
				CLANG_CXX_LANGUAGE_STANDARD = "gnu++0x";
				CLANG_CXX_LIBRARY = "libc++";
				CLANG_ENABLE_MODULES = YES;
				CLANG_ENABLE_OBJC_ARC = YES;
				CLANG_WARN_BOOL_CONVERSION = YES;
				CLANG_WARN_CONSTANT_CONVERSION = YES;
				CLANG_WARN_DIRECT_OBJC_ISA_USAGE = YES_ERROR;
				CLANG_WARN_EMPTY_BODY = YES;
				CLANG_WARN_ENUM_CONVERSION = YES;
				CLANG_WARN_INT_CONVERSION = YES;
				CLANG_WARN_OBJC_ROOT_CLASS = YES_ERROR;
				CLANG_WARN_UNREACHABLE_CODE = YES;
				CLANG_WARN__DUPLICATE_METHOD_MATCH = YES;
				"CODE_SIGN_IDENTITY[sdk=iphoneos*]" = "iPhone Developer";
				COPY_PHASE_STRIP = NO;
				DEBUG_INFORMATION_FORMAT = "dwarf-with-dsym";
				ENABLE_NS_ASSERTIONS = NO;
				ENABLE_STRICT_OBJC_MSGSEND = YES;
				GCC_C_LANGUAGE_STANDARD = gnu99;
				GCC_NO_COMMON_BLOCKS = YES;
				GCC_WARN_64_TO_32_BIT_CONVERSION = YES;
				GCC_WARN_ABOUT_RETURN_TYPE = YES_ERROR;
				GCC_WARN_UNDECLARED_SELECTOR = YES;
				GCC_WARN_UNINITIALIZED_AUTOS = YES_AGGRESSIVE;
				GCC_WARN_UNUSED_FUNCTION = YES;
				GCC_WARN_UNUSED_VARIABLE = YES;
				IPHONEOS_DEPLOYMENT_TARGET = 8.3;
				MTL_ENABLE_DEBUG_INFO = NO;
				SDKROOT = iphoneos;
				VALIDATE_PRODUCT = YES;
			};
			name = Release;
		};
		AEF2792B1B31440600EBC390 /* Debug */ = {
			isa = XCBuildConfiguration;
			buildSettings = {
				ASSETCATALOG_COMPILER_APPICON_NAME = AppIcon;
				INFOPLIST_FILE = DemoGithub/Info.plist;
				LD_RUNPATH_SEARCH_PATHS = "$(inherited) @executable_path/Frameworks";
				PRODUCT_NAME = "$(TARGET_NAME)";
			};
			name = Debug;
		};
		AEF2792C1B31440600EBC390 /* Release */ = {
			isa = XCBuildConfiguration;
			buildSettings = {
				ASSETCATALOG_COMPILER_APPICON_NAME = AppIcon;
				INFOPLIST_FILE = DemoGithub/Info.plist;
				LD_RUNPATH_SEARCH_PATHS = "$(inherited) @executable_path/Frameworks";
				PRODUCT_NAME = "$(TARGET_NAME)";
			};
			name = Release;
		};
		AEF2792E1B31440600EBC390 /* Debug */ = {
			isa = XCBuildConfiguration;
			buildSettings = {
				BUNDLE_LOADER = "$(TEST_HOST)";
				FRAMEWORK_SEARCH_PATHS = (
					"$(SDKROOT)/Developer/Library/Frameworks",
					"$(inherited)",
				);
				GCC_PREPROCESSOR_DEFINITIONS = (
					"DEBUG=1",
					"$(inherited)",
				);
				INFOPLIST_FILE = DemoGithubTests/Info.plist;
				LD_RUNPATH_SEARCH_PATHS = "$(inherited) @executable_path/Frameworks @loader_path/Frameworks";
				PRODUCT_NAME = "$(TARGET_NAME)";
				TEST_HOST = "$(BUILT_PRODUCTS_DIR)/DemoGithub.app/DemoGithub";
			};
			name = Debug;
		};
		AEF2792F1B31440600EBC390 /* Release */ = {
			isa = XCBuildConfiguration;
			buildSettings = {
				BUNDLE_LOADER = "$(TEST_HOST)";
				FRAMEWORK_SEARCH_PATHS = (
					"$(SDKROOT)/Developer/Library/Frameworks",
					"$(inherited)",
				);
				INFOPLIST_FILE = DemoGithubTests/Info.plist;
				LD_RUNPATH_SEARCH_PATHS = "$(inherited) @executable_path/Frameworks @loader_path/Frameworks";
				PRODUCT_NAME = "$(TARGET_NAME)";
				TEST_HOST = "$(BUILT_PRODUCTS_DIR)/DemoGithub.app/DemoGithub";
			};
			name = Release;
		};
/* End XCBuildConfiguration section */

/* Begin XCConfigurationList section */
		AEF279021B31440600EBC390 /* Build configuration list for PBXProject "DemoGithub" */ = {
			isa = XCConfigurationList;
			buildConfigurations = (
				AEF279281B31440600EBC390 /* Debug */,
				AEF279291B31440600EBC390 /* Release */,
			);
			defaultConfigurationIsVisible = 0;
			defaultConfigurationName = Release;
		};
		AEF2792A1B31440600EBC390 /* Build configuration list for PBXNativeTarget "DemoGithub" */ = {
			isa = XCConfigurationList;
			buildConfigurations = (
				AEF2792B1B31440600EBC390 /* Debug */,
				AEF2792C1B31440600EBC390 /* Release */,
			);
			defaultConfigurationIsVisible = 0;
		};
		AEF2792D1B31440600EBC390 /* Build configuration list for PBXNativeTarget "DemoGithubTests" */ = {
			isa = XCConfigurationList;
			buildConfigurations = (
				AEF2792E1B31440600EBC390 /* Debug */,
				AEF2792F1B31440600EBC390 /* Release */,
			);
			defaultConfigurationIsVisible = 0;
		};
/* End XCConfigurationList section */
	};
	rootObject = AEF278FF1B31440600EBC390 /* Project object */;
}
